{
  "name": "@rvanbaalen/claude-cleanup",
  "version": "1.0.0",
  "lockfileVersion": 3,
  "requires": true,
  "packages": {
    "": {
      "name": "@rvanbaalen/claude-cleanup",
      "version": "1.0.0",
      "license": "MIT",
      "bin": {
        "claude-cleanup": "cleanup_claude_history.js"
      }
    }
  }
}
